lockfileVersion: '9.0'

settings:
  autoInstallPeers: true
  excludeLinksFromLockfile: false

importers:

  .:
    dependencies:
      pnpm:
        specifier: 9.15.3
        version: 9.15.3

packages:

  pnpm@9.15.3:
    resolution: {integrity: sha512-H3m8JFpm6wsHxdTYMTEkB3RkLKqobvfQQ0q0fA0W9msE4h4MCG62HmLHfvxNf37Aca+tN5avZIkvrmZQkXOJOg==}
    engines: {node: '>=18.12'}
    hasBin: true

snapshots:

  pnpm@9.15.3: {}
